
Microsoft Visual Studio Solution File, Format Version 12.00
# Visual Studio Version 17
VisualStudioVersion = 17.14.36109.1 d17.14
MinimumVisualStudioVersion = 10.0.40219.1
Project("{FAE04EC0-301F-11D3-BF4B-00C04F79EFBC}") = "MedicWithLoveAPI", "MedicWithLoveAPI\MedicWithLoveAPI.csproj", "{F1E802A8-99AF-4B0C-A468-BBBED9D7E615}"
EndProject
Global
	GlobalSection(SolutionConfigurationPlatforms) = preSolution
		Debug|Any CPU = Debug|Any CPU
		Release|Any CPU = Release|Any CPU
	EndGlobalSection
	GlobalSection(ProjectConfigurationPlatforms) = postSolution
		{F1E802A8-99AF-4B0C-A468-BBBED9D7E615}.Debug|Any CPU.ActiveCfg = Debug|Any CPU
		{F1E802A8-99AF-4B0C-A468-BBBED9D7E615}.Debug|Any CPU.Build.0 = Debug|Any CPU
		{F1E802A8-99AF-4B0C-A468-BBBED9D7E615}.Release|Any CPU.ActiveCfg = Release|Any CPU
		{F1E802A8-99AF-4B0C-A468-BBBED9D7E615}.Release|Any CPU.Build.0 = Release|Any CPU
	EndGlobalSection
	GlobalSection(SolutionProperties) = preSolution
		HideSolutionNode = FALSE
	EndGlobalSection
	GlobalSection(ExtensibilityGlobals) = postSolution
		SolutionGuid = {27A64B6C-AADD-44F7-9785-7BFA1827A5A9}
	EndGlobalSection
EndGlobal
